{
  "name": "htmljs",
  "version": "1.0.0",
  "lockfileVersion": 2,
  "requires": true,
  "packages": {
    "": {
      "name": "htmljs",
      "version": "1.0.0",
      "license": "ISC",
      "dependencies": {
        "node-shutdown-windows": "^1.0.0",
        "shutdown-computer": "^1.0.2"
      }
    },
    "node_modules/node-shutdown-windows": {
      "version": "1.0.0",
      "resolved": "https://registry.npmjs.org/node-shutdown-windows/-/node-shutdown-windows-1.0.0.tgz",
      "integrity": "sha512-tTqzXgWRp2JRZ4/W+YK77EkyzbHVoMxKpwFeqN4L2qzXpg8llGurFfUMeR6NqblRcLTufBRYbI93OxMTuRpPsg==",
      "os": [
        "win32"
      ]
    },
    "node_modules/shutdown-computer": {
      "version": "1.0.2",
      "resolved": "https://registry.npmjs.org/shutdown-computer/-/shutdown-computer-1.0.2.tgz",
      "integrity": "sha512-fhOqgAzFMdVUHdHLoZb9YSIbw03FK+oc/eHBC7aV7XWnOsnn++Uuw9JhrzEKl8WU5x8ezGgPqdqkDhqVTBwlfw=="
    }
  },
  "dependencies": {
    "node-shutdown-windows": {
      "version": "1.0.0",
      "resolved": "https://registry.npmjs.org/node-shutdown-windows/-/node-shutdown-windows-1.0.0.tgz",
      "integrity": "sha512-tTqzXgWRp2JRZ4/W+YK77EkyzbHVoMxKpwFeqN4L2qzXpg8llGurFfUMeR6NqblRcLTufBRYbI93OxMTuRpPsg=="
    },
    "shutdown-computer": {
      "version": "1.0.2",
      "resolved": "https://registry.npmjs.org/shutdown-computer/-/shutdown-computer-1.0.2.tgz",
      "integrity": "sha512-fhOqgAzFMdVUHdHLoZb9YSIbw03FK+oc/eHBC7aV7XWnOsnn++Uuw9JhrzEKl8WU5x8ezGgPqdqkDhqVTBwlfw=="
    }
  }
}
